<?xml version="1.0" encoding="utf-8"?>
<Project ToolsVersion="4.0" xmlns="http://schemas.microsoft.com/developer/msbuild/2003">
  <ItemGroup>
    <Filter Include="Source Files">
      <UniqueIdentifier>{4FC737F1-C7A5-4376-A066-2A32D752A2FF}</UniqueIdentifier>
      <Extensions>cpp;c;cc;cxx;c++;cppm;ixx;def;odl;idl;hpj;bat;asm;asmx</Extensions>
    </Filter>
    <Filter Include="Source Files\Controllers">
      <UniqueIdentifier>{55132285-0c4a-4d4f-b933-0ad6f4d60413}</UniqueIdentifier>
    </Filter>
    <Filter Include="Source Files\Players">
      <UniqueIdentifier>{d6fdfd79-ce43-4788-916d-494aa3a16e67}</UniqueIdentifier>
    </Filter>
    <Filter Include="Source Files\Frames">
      <UniqueIdentifier>{d9d96746-3223-4370-9e2d-1dff39490507}</UniqueIdentifier>
    </Filter>
    <Filter Include="Source Files\States">
      <UniqueIdentifier>{24bbd811-49a3-4158-954b-838e04e9748c}</UniqueIdentifier>
    </Filter>
    <Filter Include="Source Files\Updaters">
      <UniqueIdentifier>{168f9cf3-a809-4fa0-9c97-2eae554d7b92}</UniqueIdentifier>
    </Filter>
    <Filter Include="Source Files\Input">
      <UniqueIdentifier>{79b244d5-9bc6-4530-acf4-aad8f319266a}</UniqueIdentifier>
    </Filter>
    <Filter Include="Source Files\Cam">
      <UniqueIdentifier>{3631d74e-b18d-4853-b1d5-5c9e428dcd9c}</UniqueIdentifier>
    </Filter>
    <Filter Include="Source Files\Sprites">
      <UniqueIdentifier>{ab55abe6-515b-4a4e-8225-9d8ef88c5cd3}</UniqueIdentifier>
    </Filter>
    <Filter Include="Source Files\Render">
      <UniqueIdentifier>{b3c35755-a405-481c-9572-98825f240b1d}</UniqueIdentifier>
    </Filter>
    <Filter Include="Source Files\Collisions">
      <UniqueIdentifier>{fa252507-7496-4f61-be12-ad649267ec07}</UniqueIdentifier>
    </Filter>
    <Filter Include="Source Files\PlayerStateComponents">
      <UniqueIdentifier>{5c769669-76bc-46ef-9f84-25716e4cfdeb}</UniqueIdentifier>
    </Filter>
    <Filter Include="Source Files\JSON">
      <UniqueIdentifier>{1b794089-24c2-440a-b4ca-fa0e0cb4730c}</UniqueIdentifier>
    </Filter>
    <Filter Include="Source Files\PlayerStates">
      <UniqueIdentifier>{e22c1192-df7f-4778-9319-3af6f75f1e0d}</UniqueIdentifier>
    </Filter>
    <Filter Include="Source Files\HBox">
      <UniqueIdentifier>{fe1b8a65-7c77-4239-b315-58179c8028ad}</UniqueIdentifier>
    </Filter>
    <Filter Include="Source Files\Background">
      <UniqueIdentifier>{9cf48022-262a-43c3-b9f5-65bab335b131}</UniqueIdentifier>
    </Filter>
    <Filter Include="Source Files\EaseEquations">
      <UniqueIdentifier>{2effc39d-8e14-4f34-860d-92ad1939234a}</UniqueIdentifier>
    </Filter>
    <Filter Include="Source Files\RB">
      <UniqueIdentifier>{5bfb9078-62fb-43c2-ac67-cf0a5a26fd3f}</UniqueIdentifier>
    </Filter>
    <Filter Include="Source Files\Input\Sequences">
      <UniqueIdentifier>{46bce2a1-6e1b-42f8-b5b7-b2d2b7bc4248}</UniqueIdentifier>
    </Filter>
    <Filter Include="Source Files\PlayerStates\Aku">
      <UniqueIdentifier>{cea6144c-a746-45d1-9634-899488a1935f}</UniqueIdentifier>
    </Filter>
    <Filter Include="Source Files\Players\Specs">
      <UniqueIdentifier>{5afbbd6f-a22b-4313-8a6c-d8d37109f175}</UniqueIdentifier>
    </Filter>
  </ItemGroup>
  <ItemGroup>
    <ClCompile Include="main.cpp">
      <Filter>Source Files\RB</Filter>
    </ClCompile>
    <ClCompile Include="PlayerController.cpp">
      <Filter>Source Files\Players</Filter>
    </ClCompile>
    <ClCompile Include="Player.cpp">
      <Filter>Source Files\Players</Filter>
    </ClCompile>
    <ClCompile Include="StateBase.cpp">
      <Filter>Source Files\States</Filter>
    </ClCompile>
    <ClCompile Include="StateMachineBase.cpp">
      <Filter>Source Files\States</Filter>
    </ClCompile>
    <ClCompile Include="GameplayUpdater.cpp">
      <Filter>Source Files\Updaters</Filter>
    </ClCompile>
    <ClCompile Include="Time.cpp">
      <Filter>Source Files\Frames</Filter>
    </ClCompile>
    <ClCompile Include="Updater.cpp">
      <Filter>Source Files\Updaters</Filter>
    </ClCompile>
    <ClCompile Include="InputController.cpp">
      <Filter>Source Files\Input</Filter>
    </ClCompile>
    <ClCompile Include="KeyBinding.cpp">
      <Filter>Source Files\Input</Filter>
    </ClCompile>
    <ClCompile Include="CamController.cpp">
      <Filter>Source Files\Cam</Filter>
    </ClCompile>
    <ClCompile Include="CamObj.cpp">
      <Filter>Source Files\Cam</Filter>
    </ClCompile>
    <ClCompile Include="_SpriteLoader.cpp">
      <Filter>Source Files\Sprites</Filter>
    </ClCompile>
    <ClCompile Include="LoadedSprite.cpp">
      <Filter>Source Files\Sprites</Filter>
    </ClCompile>
    <ClCompile Include="PlayerCollider.cpp">
      <Filter>Source Files\Players</Filter>
    </ClCompile>
    <ClCompile Include="LineRenderer.cpp">
      <Filter>Source Files\Render</Filter>
    </ClCompile>
    <ClCompile Include="_AnimationLoader.cpp">
      <Filter>Source Files\Render</Filter>
    </ClCompile>
    <ClCompile Include="PlayerAnimationController.cpp">
      <Filter>Source Files\Render</Filter>
    </ClCompile>
    <ClCompile Include="AnimationRenderer.cpp">
      <Filter>Source Files\Render</Filter>
    </ClCompile>
    <ClCompile Include="AnimationObj.cpp">
      <Filter>Source Files\Render</Filter>
    </ClCompile>
    <ClCompile Include="StateComponentBase.cpp">
      <Filter>Source Files\States</Filter>
    </ClCompile>
    <ClCompile Include="TransitionToWalkForward.cpp">
      <Filter>Source Files\PlayerStateComponents</Filter>
    </ClCompile>
    <ClCompile Include="WhileMovingForward.cpp">
      <Filter>Source Files\PlayerStateComponents</Filter>
    </ClCompile>
    <ClCompile Include="MoveForwardOnPress.cpp">
      <Filter>Source Files\PlayerStateComponents</Filter>
    </ClCompile>
    <ClCompile Include="MoveBackOnPress.cpp">
      <Filter>Source Files\PlayerStateComponents</Filter>
    </ClCompile>
    <ClCompile Include="TransitionToWalkBack.cpp">
      <Filter>Source Files\PlayerStateComponents</Filter>
    </ClCompile>
    <ClCompile Include="WhileMovingBack.cpp">
      <Filter>Source Files\PlayerStateComponents</Filter>
    </ClCompile>
    <ClCompile Include="TransitionToJumpUp.cpp">
      <Filter>Source Files\PlayerStateComponents</Filter>
    </ClCompile>
    <ClCompile Include="TargetBoxEditorUpdater.cpp">
      <Filter>Source Files\Updaters</Filter>
    </ClCompile>
    <ClCompile Include="ControllerBase.cpp">
      <Filter>Source Files\Controllers</Filter>
    </ClCompile>
    <ClCompile Include="_HBoxLoader.cpp">
      <Filter>Source Files\HBox</Filter>
    </ClCompile>
    <ClCompile Include="TargetBoxDataController.cpp">
      <Filter>Source Files\HBox</Filter>
    </ClCompile>
    <ClCompile Include="ManualAnimationUpdater.cpp">
      <Filter>Source Files\Render</Filter>
    </ClCompile>
    <ClCompile Include="SpriteDataController.cpp">
      <Filter>Source Files\Sprites</Filter>
    </ClCompile>
    <ClCompile Include="HBMenuController.cpp">
      <Filter>Source Files\HBox</Filter>
    </ClCompile>
    <ClCompile Include="PlayerDebugController.cpp">
      <Filter>Source Files\Render</Filter>
    </ClCompile>
    <ClCompile Include="PlayerBoxRenderer.cpp">
      <Filter>Source Files\Render</Filter>
    </ClCompile>
    <ClCompile Include="PlayerPositionRenderer.cpp">
      <Filter>Source Files\Render</Filter>
    </ClCompile>
    <ClCompile Include="PlayerHBoxRenderer.cpp">
      <Filter>Source Files\Render</Filter>
    </ClCompile>
    <ClCompile Include="AABB_Set.cpp">
      <Filter>Source Files\HBox</Filter>
    </ClCompile>
    <ClCompile Include="HBoxDataListPath.h">
      <Filter>Source Files\HBox</Filter>
    </ClCompile>
    <ClCompile Include="BackgroundObj.cpp">
      <Filter>Source Files\Background</Filter>
    </ClCompile>
    <ClCompile Include="BackgroundController.cpp">
      <Filter>Source Files\Background</Filter>
    </ClCompile>
    <ClCompile Include="HBoxEditController.cpp">
      <Filter>Source Files\HBox</Filter>
    </ClCompile>
    <ClCompile Include="HB_Loader.cpp">
      <Filter>Source Files\HBox</Filter>
    </ClCompile>
    <ClCompile Include="AttackBoxEditorUpdater.cpp">
      <Filter>Source Files\Updaters</Filter>
    </ClCompile>
    <ClCompile Include="TransitionOnInput.cpp">
      <Filter>Source Files\PlayerStateComponents</Filter>
    </ClCompile>
    <ClCompile Include="TransitionOnAnimationEnd.cpp">
      <Filter>Source Files\PlayerStateComponents</Filter>
    </ClCompile>
    <ClCompile Include="AttackBoxDataController.cpp">
      <Filter>Source Files\HBox</Filter>
    </ClCompile>
    <ClCompile Include="DetectHit.cpp">
      <Filter>Source Files\PlayerStateComponents</Filter>
    </ClCompile>
    <ClCompile Include="AttackRegisterController.cpp">
      <Filter>Source Files\Collisions</Filter>
    </ClCompile>
    <ClCompile Include="TransitionOnFixedUpdateCount.cpp">
      <Filter>Source Files\PlayerStateComponents</Filter>
    </ClCompile>
    <ClCompile Include="MoveHorizontalOnFixedUpdateCount.cpp">
      <Filter>Source Files\PlayerStateComponents</Filter>
    </ClCompile>
    <ClCompile Include="GeneralHitStopController.cpp">
      <Filter>Source Files\Collisions</Filter>
    </ClCompile>
    <ClCompile Include="AnimationLoader.cpp">
      <Filter>Source Files\Render</Filter>
    </ClCompile>
    <ClCompile Include="VFXAnimationController.cpp">
      <Filter>Source Files\Render</Filter>
    </ClCompile>
    <ClCompile Include="FollowPlayers.cpp">
      <Filter>Source Files\Cam</Filter>
    </ClCompile>
    <ClCompile Include="InputObj.cpp">
      <Filter>Source Files\Input</Filter>
    </ClCompile>
    <ClCompile Include="MoveUpOnJump.cpp">
      <Filter>Source Files\PlayerStateComponents</Filter>
    </ClCompile>
    <ClCompile Include="MoveDownOnFall.cpp">
      <Filter>Source Files\PlayerStateComponents</Filter>
    </ClCompile>
    <ClCompile Include="TransitionToJumpForward.cpp">
      <Filter>Source Files\PlayerStateComponents</Filter>
    </ClCompile>
    <ClCompile Include="MoveForwardOnJump_0.cpp">
      <Filter>Source Files\PlayerStateComponents</Filter>
    </ClCompile>
    <ClCompile Include="MoveForwardOnJump_1.cpp">
      <Filter>Source Files\PlayerStateComponents</Filter>
    </ClCompile>
    <ClCompile Include="MarkInitiallyFacingRight.cpp">
      <Filter>Source Files\PlayerStateComponents</Filter>
    </ClCompile>
    <ClCompile Include="ZoomOnPlayers.cpp">
      <Filter>Source Files\Cam</Filter>
    </ClCompile>
    <ClCompile Include="PlayerInputRenderer.cpp">
      <Filter>Source Files\Render</Filter>
    </ClCompile>
    <ClCompile Include="GameFrame.cpp">
      <Filter>Source Files\RB</Filter>
    </ClCompile>
    <ClCompile Include="SpecialMovesController.cpp">
      <Filter>Source Files\Input</Filter>
    </ClCompile>
    <ClCompile Include="SpecialMoveSequenceBase.cpp">
      <Filter>Source Files\Input</Filter>
    </ClCompile>
    <ClCompile Include="P0_Seq_Hadouken.cpp">
      <Filter>Source Files\Input\Sequences</Filter>
    </ClCompile>
    <ClCompile Include="DoNotFixDirectionDuringState.cpp">
      <Filter>Source Files\PlayerStateComponents</Filter>
    </ClCompile>
    <ClCompile Include="FixWincingStatusDuringState.cpp">
      <Filter>Source Files\PlayerStateComponents</Filter>
    </ClCompile>
    <ClCompile Include="FixSpecialMoveStatusDuringState.cpp">
      <Filter>Source Files\PlayerStateComponents</Filter>
    </ClCompile>
    <ClCompile Include="JGetter.cpp">
      <Filter>Source Files\JSON</Filter>
    </ClCompile>
    <ClCompile Include="P0_Dummy.cpp">
      <Filter>Source Files\PlayerStates\Aku</Filter>
    </ClCompile>
    <ClCompile Include="P0_Hadouken.cpp">
      <Filter>Source Files\PlayerStates\Aku</Filter>
    </ClCompile>
    <ClCompile Include="P0_Idle.cpp">
      <Filter>Source Files\PlayerStates\Aku</Filter>
    </ClCompile>
    <ClCompile Include="P0_Jab.cpp">
      <Filter>Source Files\PlayerStates\Aku</Filter>
    </ClCompile>
    <ClCompile Include="P0_JumpForwardUp_0.cpp">
      <Filter>Source Files\PlayerStates\Aku</Filter>
    </ClCompile>
    <ClCompile Include="P0_JumpForwardUp_1.cpp">
      <Filter>Source Files\PlayerStates\Aku</Filter>
    </ClCompile>
    <ClCompile Include="P0_JumpUp_0.cpp">
      <Filter>Source Files\PlayerStates\Aku</Filter>
    </ClCompile>
    <ClCompile Include="P0_JumpUp_1.cpp">
      <Filter>Source Files\PlayerStates\Aku</Filter>
    </ClCompile>
    <ClCompile Include="P0_Start.cpp">
      <Filter>Source Files\PlayerStates\Aku</Filter>
    </ClCompile>
    <ClCompile Include="P0_WalkBack.cpp">
      <Filter>Source Files\PlayerStates\Aku</Filter>
    </ClCompile>
    <ClCompile Include="P0_WalkForward.cpp">
      <Filter>Source Files\PlayerStates\Aku</Filter>
    </ClCompile>
    <ClCompile Include="P0_Wince.cpp">
      <Filter>Source Files\PlayerStates\Aku</Filter>
    </ClCompile>
    <ClCompile Include="PlayerState.cpp">
      <Filter>Source Files\PlayerStates</Filter>
    </ClCompile>
    <ClCompile Include="SpecsController.cpp">
      <Filter>Source Files\Players\Specs</Filter>
    </ClCompile>
    <ClCompile Include="P0_Crouch.cpp">
      <Filter>Source Files\PlayerStates\Aku</Filter>
    </ClCompile>
    <ClCompile Include="StandUpOnRelease.cpp">
      <Filter>Source Files\PlayerStateComponents</Filter>
    </ClCompile>
    <ClCompile Include="Loaded_HB_Data.cpp">
      <Filter>Source Files\HBox</Filter>
    </ClCompile>
    <ClCompile Include="SpriteLoader.cpp">
      <Filter>Source Files\Sprites</Filter>
    </ClCompile>
    <ClCompile Include="P0_Crouch_Idle.cpp">
      <Filter>Source Files\PlayerStates\Aku</Filter>
    </ClCompile>
    <ClCompile Include="P0_StandUp.cpp">
      <Filter>Source Files\PlayerStates\Aku</Filter>
    </ClCompile>
    <ClCompile Include="PlayerBoxDataController.cpp">
      <Filter>Source Files\Collisions</Filter>
    </ClCompile>
    <ClCompile Include="PlayerBoxSpecsLoader.cpp">
      <Filter>Source Files\Collisions</Filter>
    </ClCompile>
    <ClCompile Include="LoadedPlayerBoxData.cpp">
      <Filter>Source Files\Collisions</Filter>
    </ClCompile>
    <ClCompile Include="AABB.cpp">
      <Filter>Source Files\Collisions</Filter>
    </ClCompile>
    <ClCompile Include="PlayerBoxSpecs.cpp">
      <Filter>Source Files\Collisions</Filter>
    </ClCompile>
    <ClCompile Include="Notification.cpp">
      <Filter>Source Files\Render</Filter>
    </ClCompile>
    <ClCompile Include="PlayerBoxEditorUpdater.cpp">
      <Filter>Source Files\Updaters</Filter>
    </ClCompile>
    <ClCompile Include="PlayerBoxEditController.cpp">
      <Filter>Source Files\Collisions</Filter>
    </ClCompile>
    <ClCompile Include="CircleRenderer.cpp">
      <Filter>Source Files\Render</Filter>
    </ClCompile>
    <ClCompile Include="P0_Strong_Punch.cpp">
      <Filter>Source Files\PlayerStates\Aku</Filter>
    </ClCompile>
    <ClCompile Include="P0_Strong_Kick.cpp">
      <Filter>Source Files\PlayerStates\Aku</Filter>
    </ClCompile>
    <ClCompile Include="SpriteTypeLoader.cpp">
      <Filter>Source Files\Sprites</Filter>
    </ClCompile>
    <ClCompile Include="AttackSpecsController.cpp">
      <Filter>Source Files\Collisions</Filter>
    </ClCompile>
    <ClCompile Include="P0_Strong_Wince.cpp">
      <Filter>Source Files\PlayerStates\Aku</Filter>
    </ClCompile>
  </ItemGroup>
  <ItemGroup>
    <ClInclude Include="Game.h">
      <Filter>Source Files\RB</Filter>
    </ClInclude>
    <ClInclude Include="olcPixelGameEngine.h">
      <Filter>Source Files\RB</Filter>
    </ClInclude>
    <ClInclude Include="PlayerController.h">
      <Filter>Source Files\Players</Filter>
    </ClInclude>
    <ClInclude Include="Player.h">
      <Filter>Source Files\Players</Filter>
    </ClInclude>
    <ClInclude Include="Time.h">
      <Filter>Source Files\Frames</Filter>
    </ClInclude>
    <ClInclude Include="FixedTimer.h">
      <Filter>Source Files\Frames</Filter>
    </ClInclude>
    <ClInclude Include="iStateMachine.h">
      <Filter>Source Files\States</Filter>
    </ClInclude>
    <ClInclude Include="iState.h">
      <Filter>Source Files\States</Filter>
    </ClInclude>
    <ClInclude Include="StateBase.h">
      <Filter>Source Files\States</Filter>
    </ClInclude>
    <ClInclude Include="StateMachineBase.h">
      <Filter>Source Files\States</Filter>
    </ClInclude>
    <ClInclude Include="iPlayer.h">
      <Filter>Source Files\Players</Filter>
    </ClInclude>
    <ClInclude Include="GameplayUpdater.h">
      <Filter>Source Files\Updaters</Filter>
    </ClInclude>
    <ClInclude Include="iUpdaterObj.h">
      <Filter>Source Files\Updaters</Filter>
    </ClInclude>
    <ClInclude Include="Updater.h">
      <Filter>Source Files\Updaters</Filter>
    </ClInclude>
    <ClInclude Include="SkipFixedUpdates.h">
      <Filter>Source Files\Updaters</Filter>
    </ClInclude>
    <ClInclude Include="InputController.h">
      <Filter>Source Files\Input</Filter>
    </ClInclude>
    <ClInclude Include="PlayerInput.h">
      <Filter>Source Files\Input</Filter>
    </ClInclude>
    <ClInclude Include="KeyBinding.h">
      <Filter>Source Files\Input</Filter>
    </ClInclude>
    <ClInclude Include="PlayerID.h">
      <Filter>Source Files\Players</Filter>
    </ClInclude>
    <ClInclude Include="CamController.h">
      <Filter>Source Files\Cam</Filter>
    </ClInclude>
    <ClInclude Include="CamObj.h">
      <Filter>Source Files\Cam</Filter>
    </ClInclude>
    <ClInclude Include="_SpriteLoader.h">
      <Filter>Source Files\Sprites</Filter>
    </ClInclude>
    <ClInclude Include="LoadedSprite.h">
      <Filter>Source Files\Sprites</Filter>
    </ClInclude>
    <ClInclude Include="SpriteType.h">
      <Filter>Source Files\Sprites</Filter>
    </ClInclude>
    <ClInclude Include="PivotType.h">
      <Filter>Source Files\Sprites</Filter>
    </ClInclude>
    <ClInclude Include="iCamObj.h">
      <Filter>Source Files\Cam</Filter>
    </ClInclude>
    <ClInclude Include="PlayerCollider.h">
      <Filter>Source Files\Players</Filter>
    </ClInclude>
    <ClInclude Include="AABB.h">
      <Filter>Source Files\Collisions</Filter>
    </ClInclude>
    <ClInclude Include="LineRenderer.h">
      <Filter>Source Files\Render</Filter>
    </ClInclude>
    <ClInclude Include="_AnimationLoader.h">
      <Filter>Source Files\Render</Filter>
    </ClInclude>
    <ClInclude Include="PlayerAnimationController.h">
      <Filter>Source Files\Render</Filter>
    </ClInclude>
    <ClInclude Include="AnimationRenderer.h">
      <Filter>Source Files\Render</Filter>
    </ClInclude>
    <ClInclude Include="AnimationObj.h">
      <Filter>Source Files\Render</Filter>
    </ClInclude>
    <ClInclude Include="AnimationRenderSettings.h">
      <Filter>Source Files\Render</Filter>
    </ClInclude>
    <ClInclude Include="AnimationSpecs.h">
      <Filter>Source Files\Render</Filter>
    </ClInclude>
    <ClInclude Include="StateComponentBase.h">
      <Filter>Source Files\States</Filter>
    </ClInclude>
    <ClInclude Include="TransitionToWalkForward.h">
      <Filter>Source Files\PlayerStateComponents</Filter>
    </ClInclude>
    <ClInclude Include="WhileMovingForward.h">
      <Filter>Source Files\PlayerStateComponents</Filter>
    </ClInclude>
    <ClInclude Include="MoveForwardOnPress.h">
      <Filter>Source Files\PlayerStateComponents</Filter>
    </ClInclude>
    <ClInclude Include="MoveBackOnPress.h">
      <Filter>Source Files\PlayerStateComponents</Filter>
    </ClInclude>
    <ClInclude Include="TransitionToWalkBack.h">
      <Filter>Source Files\PlayerStateComponents</Filter>
    </ClInclude>
    <ClInclude Include="WhileMovingBack.h">
      <Filter>Source Files\PlayerStateComponents</Filter>
    </ClInclude>
    <ClInclude Include="TransitionToJumpUp.h">
      <Filter>Source Files\PlayerStateComponents</Filter>
    </ClInclude>
    <ClInclude Include="TargetBoxEditorUpdater.h">
      <Filter>Source Files\Updaters</Filter>
    </ClInclude>
    <ClInclude Include="ControllerBase.h">
      <Filter>Source Files\Controllers</Filter>
    </ClInclude>
    <ClInclude Include="json.h">
      <Filter>Source Files\JSON</Filter>
    </ClInclude>
    <ClInclude Include="jsonExample.h">
      <Filter>Source Files\JSON</Filter>
    </ClInclude>
    <ClInclude Include="_HBoxLoader.h">
      <Filter>Source Files\HBox</Filter>
    </ClInclude>
    <ClInclude Include="TargetBoxDataController.h">
      <Filter>Source Files\HBox</Filter>
    </ClInclude>
    <ClInclude Include="JGetter.h">
      <Filter>Source Files\JSON</Filter>
    </ClInclude>
    <ClInclude Include="AABB_Set.h">
      <Filter>Source Files\HBox</Filter>
    </ClInclude>
    <ClInclude Include="Loaded_HB_Data.h">
      <Filter>Source Files\HBox</Filter>
    </ClInclude>
    <ClInclude Include="ManualAnimationUpdater.h">
      <Filter>Source Files\Render</Filter>
    </ClInclude>
    <ClInclude Include="SpriteTypeString.h">
      <Filter>Source Files\Sprites</Filter>
    </ClInclude>
    <ClInclude Include="SpriteDataController.h">
      <Filter>Source Files\Sprites</Filter>
    </ClInclude>
    <ClInclude Include="HBMenuController.h">
      <Filter>Source Files\HBox</Filter>
    </ClInclude>
    <ClInclude Include="PlayerDebugController.h">
      <Filter>Source Files\Render</Filter>
    </ClInclude>
    <ClInclude Include="PlayerBoxRenderer.h">
      <Filter>Source Files\Render</Filter>
    </ClInclude>
    <ClInclude Include="PlayerPositionRenderer.h">
      <Filter>Source Files\Render</Filter>
    </ClInclude>
    <ClInclude Include="PlayerHBoxRenderer.h">
      <Filter>Source Files\Render</Filter>
    </ClInclude>
    <ClInclude Include="BackgroundObj.h">
      <Filter>Source Files\Background</Filter>
    </ClInclude>
    <ClInclude Include="BackgroundController.h">
      <Filter>Source Files\Background</Filter>
    </ClInclude>
    <ClInclude Include="iPlayerController.h">
      <Filter>Source Files\Players</Filter>
    </ClInclude>
    <ClInclude Include="iBackgroundController.h">
      <Filter>Source Files\Background</Filter>
    </ClInclude>
    <ClInclude Include="iCamController.h">
      <Filter>Source Files\Cam</Filter>
    </ClInclude>
    <ClInclude Include="iTargetBoxDataController.h">
      <Filter>Source Files\HBox</Filter>
    </ClInclude>
    <ClInclude Include="iInputController.h">
      <Filter>Source Files\Input</Filter>
    </ClInclude>
    <ClInclude Include="HBoxEditController.h">
      <Filter>Source Files\HBox</Filter>
    </ClInclude>
    <ClInclude Include="iHBMenuController.h">
      <Filter>Source Files\HBox</Filter>
    </ClInclude>
    <ClInclude Include="iPlayerAnimationController.h">
      <Filter>Source Files\Render</Filter>
    </ClInclude>
    <ClInclude Include="iAnimationObj.h">
      <Filter>Source Files\Render</Filter>
    </ClInclude>
    <ClInclude Include="iPlayerDebugController.h">
      <Filter>Source Files\Render</Filter>
    </ClInclude>
    <ClInclude Include="iSpriteDataController.h">
      <Filter>Source Files\Sprites</Filter>
    </ClInclude>
    <ClInclude Include="HB_Loader.h">
      <Filter>Source Files\HBox</Filter>
    </ClInclude>
    <ClInclude Include="AttackBoxEditorUpdater.h">
      <Filter>Source Files\Updaters</Filter>
    </ClInclude>
    <ClInclude Include="HBoxType.h">
      <Filter>Source Files\HBox</Filter>
    </ClInclude>
    <ClInclude Include="TransitionOnInput.h">
      <Filter>Source Files\PlayerStateComponents</Filter>
    </ClInclude>
    <ClInclude Include="TransitionOnAnimationEnd.h">
      <Filter>Source Files\PlayerStateComponents</Filter>
    </ClInclude>
    <ClInclude Include="AttackBoxDataController.h">
      <Filter>Source Files\HBox</Filter>
    </ClInclude>
    <ClInclude Include="iAttackBoxDataController.h">
      <Filter>Source Files\HBox</Filter>
    </ClInclude>
    <ClInclude Include="iHBoxEditController.h">
      <Filter>Source Files\HBox</Filter>
    </ClInclude>
    <ClInclude Include="DetectHit.h">
      <Filter>Source Files\PlayerStateComponents</Filter>
    </ClInclude>
    <ClInclude Include="AttackRegisterController.h">
      <Filter>Source Files\Collisions</Filter>
    </ClInclude>
    <ClInclude Include="iAttackRegisterController.h">
      <Filter>Source Files\Collisions</Filter>
    </ClInclude>
    <ClInclude Include="AttackRegister.h">
      <Filter>Source Files\Collisions</Filter>
    </ClInclude>
    <ClInclude Include="TransitionOnFixedUpdateCount.h">
      <Filter>Source Files\PlayerStateComponents</Filter>
    </ClInclude>
    <ClInclude Include="MoveHorizontalOnFixedUpdateCount.h">
      <Filter>Source Files\PlayerStateComponents</Filter>
    </ClInclude>
    <ClInclude Include="GeneralHitStopController.h">
      <Filter>Source Files\Collisions</Filter>
    </ClInclude>
    <ClInclude Include="iGeneralHitStopController.h">
      <Filter>Source Files\Collisions</Filter>
    </ClInclude>
    <ClInclude Include="AnimationLoader.h">
      <Filter>Source Files\Render</Filter>
    </ClInclude>
    <ClInclude Include="VFXAnimationController.h">
      <Filter>Source Files\Render</Filter>
    </ClInclude>
    <ClInclude Include="iVFXAnimationController.h">
      <Filter>Source Files\Render</Filter>
    </ClInclude>
    <ClInclude Include="FollowPlayers.h">
      <Filter>Source Files\Cam</Filter>
    </ClInclude>
    <ClInclude Include="DisplaySize.h">
      <Filter>Source Files\RB</Filter>
    </ClInclude>
    <ClInclude Include="InputObj.h">
      <Filter>Source Files\Input</Filter>
    </ClInclude>
    <ClInclude Include="iInputObj.h">
      <Filter>Source Files\Input</Filter>
    </ClInclude>
    <ClInclude Include="MoveUpOnJump.h">
      <Filter>Source Files\PlayerStateComponents</Filter>
    </ClInclude>
    <ClInclude Include="Ease.h">
      <Filter>Source Files\EaseEquations</Filter>
    </ClInclude>
    <ClInclude Include="MoveDownOnFall.h">
      <Filter>Source Files\PlayerStateComponents</Filter>
    </ClInclude>
    <ClInclude Include="TransitionToJumpForward.h">
      <Filter>Source Files\PlayerStateComponents</Filter>
    </ClInclude>
    <ClInclude Include="MoveForwardOnJump_0.h">
      <Filter>Source Files\PlayerStateComponents</Filter>
    </ClInclude>
    <ClInclude Include="MoveForwardOnJump_1.h">
      <Filter>Source Files\PlayerStateComponents</Filter>
    </ClInclude>
    <ClInclude Include="MarkInitiallyFacingRight.h">
      <Filter>Source Files\PlayerStateComponents</Filter>
    </ClInclude>
    <ClInclude Include="ZoomOnPlayers.h">
      <Filter>Source Files\Cam</Filter>
    </ClInclude>
    <ClInclude Include="PlayerInputRenderer.h">
      <Filter>Source Files\Render</Filter>
    </ClInclude>
    <ClInclude Include="AllocationCount.h">
      <Filter>Source Files\RB</Filter>
    </ClInclude>
    <ClInclude Include="GameFrame.h">
      <Filter>Source Files\RB</Filter>
    </ClInclude>
    <ClInclude Include="iSpecialMovesController.h">
      <Filter>Source Files\Input</Filter>
    </ClInclude>
    <ClInclude Include="SpecialMovesController.h">
      <Filter>Source Files\Input</Filter>
    </ClInclude>
    <ClInclude Include="iSpecialMoveSequence.h">
      <Filter>Source Files\Input</Filter>
    </ClInclude>
    <ClInclude Include="SpecialMoveSequenceBase.h">
      <Filter>Source Files\Input</Filter>
    </ClInclude>
    <ClInclude Include="SpecialMoveType.h">
      <Filter>Source Files\Input</Filter>
    </ClInclude>
    <ClInclude Include="P0_Seq_Hadouken.h">
      <Filter>Source Files\Input\Sequences</Filter>
    </ClInclude>
    <ClInclude Include="DoNotFixDirectionDuringState.h">
      <Filter>Source Files\PlayerStateComponents</Filter>
    </ClInclude>
    <ClInclude Include="FixWincingStatusDuringState.h">
      <Filter>Source Files\PlayerStateComponents</Filter>
    </ClInclude>
    <ClInclude Include="ControllerT.h">
      <Filter>Source Files\Controllers</Filter>
    </ClInclude>
    <ClInclude Include="FixSpecialMoveStatusDuringState.h">
      <Filter>Source Files\PlayerStateComponents</Filter>
    </ClInclude>
    <ClInclude Include="CharacterType.h">
      <Filter>Source Files\Players</Filter>
    </ClInclude>
    <ClInclude Include="P0_Dummy.h">
      <Filter>Source Files\PlayerStates\Aku</Filter>
    </ClInclude>
    <ClInclude Include="P0_Hadouken.h">
      <Filter>Source Files\PlayerStates\Aku</Filter>
    </ClInclude>
    <ClInclude Include="P0_Idle.h">
      <Filter>Source Files\PlayerStates\Aku</Filter>
    </ClInclude>
    <ClInclude Include="P0_Jab.h">
      <Filter>Source Files\PlayerStates\Aku</Filter>
    </ClInclude>
    <ClInclude Include="P0_JumpForwardUp_0.h">
      <Filter>Source Files\PlayerStates\Aku</Filter>
    </ClInclude>
    <ClInclude Include="P0_JumpForwardUp_1.h">
      <Filter>Source Files\PlayerStates\Aku</Filter>
    </ClInclude>
    <ClInclude Include="P0_JumpUp_0.h">
      <Filter>Source Files\PlayerStates\Aku</Filter>
    </ClInclude>
    <ClInclude Include="P0_JumpUp_1.h">
      <Filter>Source Files\PlayerStates\Aku</Filter>
    </ClInclude>
    <ClInclude Include="P0_Start.h">
      <Filter>Source Files\PlayerStates\Aku</Filter>
    </ClInclude>
    <ClInclude Include="P0_WalkBack.h">
      <Filter>Source Files\PlayerStates\Aku</Filter>
    </ClInclude>
    <ClInclude Include="P0_WalkForward.h">
      <Filter>Source Files\PlayerStates\Aku</Filter>
    </ClInclude>
    <ClInclude Include="P0_Wince.h">
      <Filter>Source Files\PlayerStates\Aku</Filter>
    </ClInclude>
    <ClInclude Include="PlayerState.h">
      <Filter>Source Files\PlayerStates</Filter>
    </ClInclude>
    <ClInclude Include="SpecsController.h">
      <Filter>Source Files\Players\Specs</Filter>
    </ClInclude>
    <ClInclude Include="iSpecsController.h">
      <Filter>Source Files\Players\Specs</Filter>
    </ClInclude>
    <ClInclude Include="MoveSpecs.h">
      <Filter>Source Files\Players\Specs</Filter>
    </ClInclude>
    <ClInclude Include="iPlayerCollider.h">
      <Filter>Source Files\Players</Filter>
    </ClInclude>
    <ClInclude Include="P0_Crouch.h">
      <Filter>Source Files\PlayerStates\Aku</Filter>
    </ClInclude>
    <ClInclude Include="StandUpOnRelease.h">
      <Filter>Source Files\PlayerStateComponents</Filter>
    </ClInclude>
    <ClInclude Include="Selector.h">
      <Filter>Source Files\RB</Filter>
    </ClInclude>
    <ClInclude Include="iSelector.h">
      <Filter>Source Files\RB</Filter>
    </ClInclude>
    <ClInclude Include="SpriteLoader.h">
      <Filter>Source Files\Sprites</Filter>
    </ClInclude>
    <ClInclude Include="P0_Crouch_Idle.h">
      <Filter>Source Files\PlayerStates\Aku</Filter>
    </ClInclude>
    <ClInclude Include="P0_StandUp.h">
      <Filter>Source Files\PlayerStates\Aku</Filter>
    </ClInclude>
    <ClInclude Include="PlayerBoxDataController.h">
      <Filter>Source Files\Collisions</Filter>
    </ClInclude>
    <ClInclude Include="iPlayerBoxDataController.h">
      <Filter>Source Files\Collisions</Filter>
    </ClInclude>
    <ClInclude Include="PlayerBoxSpecsLoader.h">
      <Filter>Source Files\Collisions</Filter>
    </ClInclude>
    <ClInclude Include="PlayerBoxSpecs.h">
      <Filter>Source Files\Collisions</Filter>
    </ClInclude>
    <ClInclude Include="LoadedPlayerBoxData.h">
      <Filter>Source Files\Collisions</Filter>
    </ClInclude>
    <ClInclude Include="PlayerBox.h">
      <Filter>Source Files\Collisions</Filter>
    </ClInclude>
    <ClInclude Include="Notification.h">
      <Filter>Source Files\Render</Filter>
    </ClInclude>
    <ClInclude Include="PlayerBoxEditorUpdater.h">
      <Filter>Source Files\Updaters</Filter>
    </ClInclude>
    <ClInclude Include="PlayerBoxEditController.h">
      <Filter>Source Files\Collisions</Filter>
    </ClInclude>
    <ClInclude Include="iPlayerBoxEditController.h">
      <Filter>Source Files\Collisions</Filter>
    </ClInclude>
    <ClInclude Include="CircleRenderer.h">
      <Filter>Source Files\Render</Filter>
    </ClInclude>
    <ClInclude Include="enum.h">
      <Filter>Source Files\RB</Filter>
    </ClInclude>
    <ClInclude Include="P0_Strong_Punch.h">
      <Filter>Source Files\PlayerStates\Aku</Filter>
    </ClInclude>
    <ClInclude Include="P0_Strong_Kick.h">
      <Filter>Source Files\PlayerStates\Aku</Filter>
    </ClInclude>
    <ClInclude Include="SpriteTypeLoader.h">
      <Filter>Source Files\Sprites</Filter>
    </ClInclude>
    <ClInclude Include="AttackSpecsController.h">
      <Filter>Source Files\Collisions</Filter>
    </ClInclude>
    <ClInclude Include="iAttackSpecsController.h">
      <Filter>Source Files\Collisions</Filter>
    </ClInclude>
    <ClInclude Include="AttackSpecs.h">
      <Filter>Source Files\Collisions</Filter>
    </ClInclude>
    <ClInclude Include="AttackStrengthType.h">
      <Filter>Source Files\Collisions</Filter>
    </ClInclude>
    <ClInclude Include="P0_Strong_Wince.h">
      <Filter>Source Files\PlayerStates\Aku</Filter>
    </ClInclude>
    <ClInclude Include="AttackCollisionYType.h">
      <Filter>Source Files\Collisions</Filter>
    </ClInclude>
    <ClInclude Include="CollisionResult.h">
      <Filter>Source Files\Collisions</Filter>
    </ClInclude>
  </ItemGroup>
</Project>