<?xml version="1.0" encoding="utf-8"?>
<Project ToolsVersion="4.0" xmlns="http://schemas.microsoft.com/developer/msbuild/2003">
  <ItemGroup>
    <Filter Include="Source Files">
      <UniqueIdentifier>{4FC737F1-C7A5-4376-A066-2A32D752A2FF}</UniqueIdentifier>
      <Extensions>cpp;c;cc;cxx;c++;cppm;ixx;def;odl;idl;hpj;bat;asm;asmx</Extensions>
    </Filter>
    <Filter Include="Source Files\Engine">
      <UniqueIdentifier>{5bfb9078-62fb-43c2-ac67-cf0a5a26fd3f}</UniqueIdentifier>
    </Filter>
    <Filter Include="Source Files\Controllers">
      <UniqueIdentifier>{55132285-0c4a-4d4f-b933-0ad6f4d60413}</UniqueIdentifier>
    </Filter>
    <Filter Include="Source Files\Players">
      <UniqueIdentifier>{d6fdfd79-ce43-4788-916d-494aa3a16e67}</UniqueIdentifier>
    </Filter>
    <Filter Include="Source Files\Frames">
      <UniqueIdentifier>{d9d96746-3223-4370-9e2d-1dff39490507}</UniqueIdentifier>
    </Filter>
    <Filter Include="Source Files\States">
      <UniqueIdentifier>{24bbd811-49a3-4158-954b-838e04e9748c}</UniqueIdentifier>
    </Filter>
    <Filter Include="Source Files\Updaters">
      <UniqueIdentifier>{168f9cf3-a809-4fa0-9c97-2eae554d7b92}</UniqueIdentifier>
    </Filter>
    <Filter Include="Source Files\Input">
      <UniqueIdentifier>{79b244d5-9bc6-4530-acf4-aad8f319266a}</UniqueIdentifier>
    </Filter>
    <Filter Include="Source Files\Cam">
      <UniqueIdentifier>{3631d74e-b18d-4853-b1d5-5c9e428dcd9c}</UniqueIdentifier>
    </Filter>
    <Filter Include="Source Files\Sprites">
      <UniqueIdentifier>{ab55abe6-515b-4a4e-8225-9d8ef88c5cd3}</UniqueIdentifier>
    </Filter>
    <Filter Include="Source Files\Render">
      <UniqueIdentifier>{b3c35755-a405-481c-9572-98825f240b1d}</UniqueIdentifier>
    </Filter>
    <Filter Include="Source Files\Collisions">
      <UniqueIdentifier>{fa252507-7496-4f61-be12-ad649267ec07}</UniqueIdentifier>
    </Filter>
    <Filter Include="Source Files\PlayerStateComponents">
      <UniqueIdentifier>{5c769669-76bc-46ef-9f84-25716e4cfdeb}</UniqueIdentifier>
    </Filter>
    <Filter Include="Source Files\JSON">
      <UniqueIdentifier>{1b794089-24c2-440a-b4ca-fa0e0cb4730c}</UniqueIdentifier>
    </Filter>
    <Filter Include="Source Files\PlayerStates">
      <UniqueIdentifier>{e22c1192-df7f-4778-9319-3af6f75f1e0d}</UniqueIdentifier>
    </Filter>
    <Filter Include="Source Files\HBox">
      <UniqueIdentifier>{fe1b8a65-7c77-4239-b315-58179c8028ad}</UniqueIdentifier>
    </Filter>
    <Filter Include="Source Files\Background">
      <UniqueIdentifier>{9cf48022-262a-43c3-b9f5-65bab335b131}</UniqueIdentifier>
    </Filter>
  </ItemGroup>
  <ItemGroup>
    <ClCompile Include="main.cpp">
      <Filter>Source Files\Engine</Filter>
    </ClCompile>
    <ClCompile Include="ActiveControllers.cpp">
      <Filter>Source Files\Controllers</Filter>
    </ClCompile>
    <ClCompile Include="PlayerController.cpp">
      <Filter>Source Files\Players</Filter>
    </ClCompile>
    <ClCompile Include="Player.cpp">
      <Filter>Source Files\Players</Filter>
    </ClCompile>
    <ClCompile Include="StateBase.cpp">
      <Filter>Source Files\States</Filter>
    </ClCompile>
    <ClCompile Include="StateMachineBase.cpp">
      <Filter>Source Files\States</Filter>
    </ClCompile>
    <ClCompile Include="GameplayUpdater.cpp">
      <Filter>Source Files\Updaters</Filter>
    </ClCompile>
    <ClCompile Include="ActiveStateMachines.cpp">
      <Filter>Source Files\States</Filter>
    </ClCompile>
    <ClCompile Include="Time.cpp">
      <Filter>Source Files\Frames</Filter>
    </ClCompile>
    <ClCompile Include="Updater.cpp">
      <Filter>Source Files\Updaters</Filter>
    </ClCompile>
    <ClCompile Include="P0_Start.cpp">
      <Filter>Source Files\PlayerStates</Filter>
    </ClCompile>
    <ClCompile Include="P0_Idle.cpp">
      <Filter>Source Files\PlayerStates</Filter>
    </ClCompile>
    <ClCompile Include="P0_MoveForward.cpp">
      <Filter>Source Files\PlayerStates</Filter>
    </ClCompile>
    <ClCompile Include="InputController.cpp">
      <Filter>Source Files\Input</Filter>
    </ClCompile>
    <ClCompile Include="KeyBinding.cpp">
      <Filter>Source Files\Input</Filter>
    </ClCompile>
    <ClCompile Include="P0_MoveBack.cpp">
      <Filter>Source Files\PlayerStates</Filter>
    </ClCompile>
    <ClCompile Include="CamController.cpp">
      <Filter>Source Files\Cam</Filter>
    </ClCompile>
    <ClCompile Include="CamObj.cpp">
      <Filter>Source Files\Cam</Filter>
    </ClCompile>
    <ClCompile Include="SpriteLoader.cpp">
      <Filter>Source Files\Sprites</Filter>
    </ClCompile>
    <ClCompile Include="SpriteRenderer.cpp">
      <Filter>Source Files\Render</Filter>
    </ClCompile>
    <ClCompile Include="LoadedSprite.cpp">
      <Filter>Source Files\Sprites</Filter>
    </ClCompile>
    <ClCompile Include="PlayerCollider.cpp">
      <Filter>Source Files\Players</Filter>
    </ClCompile>
    <ClCompile Include="LineRenderer.cpp">
      <Filter>Source Files\Render</Filter>
    </ClCompile>
    <ClCompile Include="AirMomentum.cpp">
      <Filter>Source Files\Players</Filter>
    </ClCompile>
    <ClCompile Include="P0_JumpUp.cpp">
      <Filter>Source Files\PlayerStates</Filter>
    </ClCompile>
    <ClCompile Include="P0_FallDown.cpp">
      <Filter>Source Files\PlayerStates</Filter>
    </ClCompile>
    <ClCompile Include="AnimationLoader.cpp">
      <Filter>Source Files\Render</Filter>
    </ClCompile>
    <ClCompile Include="PlayerAnimationController.cpp">
      <Filter>Source Files\Render</Filter>
    </ClCompile>
    <ClCompile Include="AnimationRenderer.cpp">
      <Filter>Source Files\Render</Filter>
    </ClCompile>
    <ClCompile Include="PlayerAnimationObj.cpp">
      <Filter>Source Files\Render</Filter>
    </ClCompile>
    <ClCompile Include="StateComponentBase.cpp">
      <Filter>Source Files\States</Filter>
    </ClCompile>
    <ClCompile Include="TriggerMoveForward.cpp">
      <Filter>Source Files\PlayerStateComponents</Filter>
    </ClCompile>
    <ClCompile Include="WhileMovingForward.cpp">
      <Filter>Source Files\PlayerStateComponents</Filter>
    </ClCompile>
    <ClCompile Include="MoveForwardDetector.cpp">
      <Filter>Source Files\PlayerStateComponents</Filter>
    </ClCompile>
    <ClCompile Include="MoveBackDetector.cpp">
      <Filter>Source Files\PlayerStateComponents</Filter>
    </ClCompile>
    <ClCompile Include="TriggerMoveBack.cpp">
      <Filter>Source Files\PlayerStateComponents</Filter>
    </ClCompile>
    <ClCompile Include="WhileMovingBack.cpp">
      <Filter>Source Files\PlayerStateComponents</Filter>
    </ClCompile>
    <ClCompile Include="TriggerJumpUp.cpp">
      <Filter>Source Files\PlayerStateComponents</Filter>
    </ClCompile>
    <ClCompile Include="HurtBoxEditorUpdater.cpp">
      <Filter>Source Files\Updaters</Filter>
    </ClCompile>
    <ClCompile Include="ControllerBase.cpp">
      <Filter>Source Files\Controllers</Filter>
    </ClCompile>
    <ClCompile Include="HBoxLoader.cpp">
      <Filter>Source Files\HBox</Filter>
    </ClCompile>
    <ClCompile Include="HurtBoxDataController.cpp">
      <Filter>Source Files\HBox</Filter>
    </ClCompile>
    <ClCompile Include="ManualAnimationUpdater.cpp">
      <Filter>Source Files\Render</Filter>
    </ClCompile>
    <ClCompile Include="P0_Dummy.cpp">
      <Filter>Source Files\PlayerStates</Filter>
    </ClCompile>
    <ClCompile Include="SpriteDataController.cpp">
      <Filter>Source Files\Sprites</Filter>
    </ClCompile>
    <ClCompile Include="MenuController.cpp">
      <Filter>Source Files\HBox</Filter>
    </ClCompile>
    <ClCompile Include="ActivePlayerStates.cpp">
      <Filter>Source Files\PlayerStates</Filter>
    </ClCompile>
    <ClCompile Include="PlayerState.cpp">
      <Filter>Source Files\PlayerStates</Filter>
    </ClCompile>
    <ClCompile Include="PlayerDebugController.cpp">
      <Filter>Source Files\Render</Filter>
    </ClCompile>
    <ClCompile Include="PlayerBoxRenderer.cpp">
      <Filter>Source Files\Render</Filter>
    </ClCompile>
    <ClCompile Include="PlayerPositionRenderer.cpp">
      <Filter>Source Files\Render</Filter>
    </ClCompile>
    <ClCompile Include="PlayerHurtBoxRenderer.cpp">
      <Filter>Source Files\Render</Filter>
    </ClCompile>
    <ClCompile Include="HBoxData.cpp">
      <Filter>Source Files\HBox</Filter>
    </ClCompile>
    <ClCompile Include="HurtBoxEditController.cpp">
      <Filter>Source Files\HBox</Filter>
    </ClCompile>
    <ClCompile Include="HBoxDataSetPath.h">
      <Filter>Source Files\HBox</Filter>
    </ClCompile>
    <ClCompile Include="BackgroundObj.cpp">
      <Filter>Source Files\Background</Filter>
    </ClCompile>
    <ClCompile Include="BackgroundController.cpp">
      <Filter>Source Files\Background</Filter>
    </ClCompile>
  </ItemGroup>
  <ItemGroup>
    <ClInclude Include="Game.h">
      <Filter>Source Files\Engine</Filter>
    </ClInclude>
    <ClInclude Include="olcPixelGameEngine.h">
      <Filter>Source Files\Engine</Filter>
    </ClInclude>
    <ClInclude Include="ActiveControllers.h">
      <Filter>Source Files\Controllers</Filter>
    </ClInclude>
    <ClInclude Include="PlayerController.h">
      <Filter>Source Files\Players</Filter>
    </ClInclude>
    <ClInclude Include="iController.h">
      <Filter>Source Files\Controllers</Filter>
    </ClInclude>
    <ClInclude Include="Player.h">
      <Filter>Source Files\Players</Filter>
    </ClInclude>
    <ClInclude Include="Time.h">
      <Filter>Source Files\Frames</Filter>
    </ClInclude>
    <ClInclude Include="FixedTimer.h">
      <Filter>Source Files\Frames</Filter>
    </ClInclude>
    <ClInclude Include="iStateMachine.h">
      <Filter>Source Files\States</Filter>
    </ClInclude>
    <ClInclude Include="iState.h">
      <Filter>Source Files\States</Filter>
    </ClInclude>
    <ClInclude Include="StateBase.h">
      <Filter>Source Files\States</Filter>
    </ClInclude>
    <ClInclude Include="StateMachineBase.h">
      <Filter>Source Files\States</Filter>
    </ClInclude>
    <ClInclude Include="iPlayer.h">
      <Filter>Source Files\Players</Filter>
    </ClInclude>
    <ClInclude Include="GameplayUpdater.h">
      <Filter>Source Files\Updaters</Filter>
    </ClInclude>
    <ClInclude Include="ActiveStateMachines.h">
      <Filter>Source Files\States</Filter>
    </ClInclude>
    <ClInclude Include="iUpdaterObj.h">
      <Filter>Source Files\Updaters</Filter>
    </ClInclude>
    <ClInclude Include="Updater.h">
      <Filter>Source Files\Updaters</Filter>
    </ClInclude>
    <ClInclude Include="SkipFixedUpdates.h">
      <Filter>Source Files\Updaters</Filter>
    </ClInclude>
    <ClInclude Include="P0_Start.h">
      <Filter>Source Files\PlayerStates</Filter>
    </ClInclude>
    <ClInclude Include="P0_Idle.h">
      <Filter>Source Files\PlayerStates</Filter>
    </ClInclude>
    <ClInclude Include="TriggerOnFixedUpdateCount.h">
      <Filter>Source Files\Updaters</Filter>
    </ClInclude>
    <ClInclude Include="P0_MoveForward.h">
      <Filter>Source Files\PlayerStates</Filter>
    </ClInclude>
    <ClInclude Include="InputController.h">
      <Filter>Source Files\Input</Filter>
    </ClInclude>
    <ClInclude Include="PlayerInput.h">
      <Filter>Source Files\Input</Filter>
    </ClInclude>
    <ClInclude Include="KeyBinding.h">
      <Filter>Source Files\Input</Filter>
    </ClInclude>
    <ClInclude Include="PlayerID.h">
      <Filter>Source Files\Players</Filter>
    </ClInclude>
    <ClInclude Include="P0_MoveBack.h">
      <Filter>Source Files\PlayerStates</Filter>
    </ClInclude>
    <ClInclude Include="CamController.h">
      <Filter>Source Files\Cam</Filter>
    </ClInclude>
    <ClInclude Include="CamObj.h">
      <Filter>Source Files\Cam</Filter>
    </ClInclude>
    <ClInclude Include="SpriteLoader.h">
      <Filter>Source Files\Sprites</Filter>
    </ClInclude>
    <ClInclude Include="SpriteRenderer.h">
      <Filter>Source Files\Render</Filter>
    </ClInclude>
    <ClInclude Include="LoadedSprite.h">
      <Filter>Source Files\Sprites</Filter>
    </ClInclude>
    <ClInclude Include="SpriteEnum.h">
      <Filter>Source Files\Sprites</Filter>
    </ClInclude>
    <ClInclude Include="PivotType.h">
      <Filter>Source Files\Sprites</Filter>
    </ClInclude>
    <ClInclude Include="iCam.h">
      <Filter>Source Files\Cam</Filter>
    </ClInclude>
    <ClInclude Include="PlayerCollider.h">
      <Filter>Source Files\Players</Filter>
    </ClInclude>
    <ClInclude Include="AABB.h">
      <Filter>Source Files\Collisions</Filter>
    </ClInclude>
    <ClInclude Include="LineRenderer.h">
      <Filter>Source Files\Render</Filter>
    </ClInclude>
    <ClInclude Include="AirMomentum.h">
      <Filter>Source Files\Players</Filter>
    </ClInclude>
    <ClInclude Include="P0_JumpUp.h">
      <Filter>Source Files\PlayerStates</Filter>
    </ClInclude>
    <ClInclude Include="P0_FallDown.h">
      <Filter>Source Files\PlayerStates</Filter>
    </ClInclude>
    <ClInclude Include="AllocationCount.h">
      <Filter>Source Files</Filter>
    </ClInclude>
    <ClInclude Include="AnimationLoader.h">
      <Filter>Source Files\Render</Filter>
    </ClInclude>
    <ClInclude Include="PlayerAnimationController.h">
      <Filter>Source Files\Render</Filter>
    </ClInclude>
    <ClInclude Include="AnimationRenderer.h">
      <Filter>Source Files\Render</Filter>
    </ClInclude>
    <ClInclude Include="PlayerAnimationObj.h">
      <Filter>Source Files\Render</Filter>
    </ClInclude>
    <ClInclude Include="AnimationRenderSettings.h">
      <Filter>Source Files\Render</Filter>
    </ClInclude>
    <ClInclude Include="AnimationSpecs.h">
      <Filter>Source Files\Render</Filter>
    </ClInclude>
    <ClInclude Include="StateComponentBase.h">
      <Filter>Source Files\States</Filter>
    </ClInclude>
    <ClInclude Include="TriggerMoveForward.h">
      <Filter>Source Files\PlayerStateComponents</Filter>
    </ClInclude>
    <ClInclude Include="WhileMovingForward.h">
      <Filter>Source Files\PlayerStateComponents</Filter>
    </ClInclude>
    <ClInclude Include="MoveForwardDetector.h">
      <Filter>Source Files\PlayerStateComponents</Filter>
    </ClInclude>
    <ClInclude Include="MoveBackDetector.h">
      <Filter>Source Files\PlayerStateComponents</Filter>
    </ClInclude>
    <ClInclude Include="TriggerMoveBack.h">
      <Filter>Source Files\PlayerStateComponents</Filter>
    </ClInclude>
    <ClInclude Include="WhileMovingBack.h">
      <Filter>Source Files\PlayerStateComponents</Filter>
    </ClInclude>
    <ClInclude Include="TriggerJumpUp.h">
      <Filter>Source Files\PlayerStateComponents</Filter>
    </ClInclude>
    <ClInclude Include="HurtBoxEditorUpdater.h">
      <Filter>Source Files\Updaters</Filter>
    </ClInclude>
    <ClInclude Include="ControllerBase.h">
      <Filter>Source Files\Controllers</Filter>
    </ClInclude>
    <ClInclude Include="json.h">
      <Filter>Source Files\JSON</Filter>
    </ClInclude>
    <ClInclude Include="jsonExample.h">
      <Filter>Source Files\JSON</Filter>
    </ClInclude>
    <ClInclude Include="HBoxLoader.h">
      <Filter>Source Files\HBox</Filter>
    </ClInclude>
    <ClInclude Include="HurtBoxDataController.h">
      <Filter>Source Files\HBox</Filter>
    </ClInclude>
    <ClInclude Include="JGetter.h">
      <Filter>Source Files\JSON</Filter>
    </ClInclude>
    <ClInclude Include="HBoxData.h">
      <Filter>Source Files\HBox</Filter>
    </ClInclude>
    <ClInclude Include="HBoxDataSet.h">
      <Filter>Source Files\HBox</Filter>
    </ClInclude>
    <ClInclude Include="P0_Dummy.h">
      <Filter>Source Files\PlayerStates</Filter>
    </ClInclude>
    <ClInclude Include="ManualAnimationUpdater.h">
      <Filter>Source Files\Render</Filter>
    </ClInclude>
    <ClInclude Include="SpriteEnumString.h">
      <Filter>Source Files\Sprites</Filter>
    </ClInclude>
    <ClInclude Include="SpriteDataController.h">
      <Filter>Source Files\Sprites</Filter>
    </ClInclude>
    <ClInclude Include="MenuController.h">
      <Filter>Source Files\HBox</Filter>
    </ClInclude>
    <ClInclude Include="PlayerState.h">
      <Filter>Source Files\PlayerStates</Filter>
    </ClInclude>
    <ClInclude Include="ActivePlayerStates.h">
      <Filter>Source Files\PlayerStates</Filter>
    </ClInclude>
    <ClInclude Include="PlayerDebugController.h">
      <Filter>Source Files\Render</Filter>
    </ClInclude>
    <ClInclude Include="PlayerBoxRenderer.h">
      <Filter>Source Files\Render</Filter>
    </ClInclude>
    <ClInclude Include="PlayerPositionRenderer.h">
      <Filter>Source Files\Render</Filter>
    </ClInclude>
    <ClInclude Include="PlayerHurtBoxRenderer.h">
      <Filter>Source Files\Render</Filter>
    </ClInclude>
    <ClInclude Include="HurtBoxEditController.h">
      <Filter>Source Files\HBox</Filter>
    </ClInclude>
    <ClInclude Include="BackgroundObj.h">
      <Filter>Source Files\Background</Filter>
    </ClInclude>
    <ClInclude Include="BackgroundController.h">
      <Filter>Source Files\Background</Filter>
    </ClInclude>
    <ClInclude Include="iPlayerController.h">
      <Filter>Source Files\Players</Filter>
    </ClInclude>
  </ItemGroup>
</Project>