<?xml version="1.0" encoding="utf-8"?>
<Project ToolsVersion="17.0" xmlns="http://schemas.microsoft.com/developer/msbuild/2003">
  <ItemGroup>
    <CustomBuild Include="C:\Users\rbmsi\CPP_FightingGame_2\visual_studio_project\CMakeFiles\1708456dd46d7067ced6bbdc53cc15fe\generate.stamp.rule">
      <Filter>CMake Rules</Filter>
    </CustomBuild>
  </ItemGroup>
  <ItemGroup>
    <Filter Include="CMake Rules">
      <UniqueIdentifier>{A369425A-A0E0-3FCE-B46E-BF8FC91EB430}</UniqueIdentifier>
    </Filter>
  </ItemGroup>
</Project>
